
Microsoft Visual Studio Solution File, Format Version 12.00
# Visual Studio Version 17
VisualStudioVersion = 17.10.35013.160
MinimumVisualStudioVersion = 10.0.40219.1
Project("{FAE04EC0-301F-11D3-BF4B-00C04F79EFBC}") = "ProductSale", "ProductSale\ProductSale.csproj", "{77C77177-78D3-4FC2-87E6-ABACE8B25CD0}"
EndProject
Project("{FAE04EC0-301F-11D3-BF4B-00C04F79EFBC}") = "ProductSale.Lib", "ProductSale.Lib\ProductSale.Lib.csproj", "{8E61E655-7F45-4E0E-BF9F-E63B7DC6D865}"
EndProject
Project("{FAE04EC0-301F-11D3-BF4B-00C04F79EFBC}") = "DependencyRegister", "DependencyRegister\DependencyRegister.csproj", "{E5292536-EF0A-4AA4-BE75-DFA1B97FA908}"
EndProject
Global
	GlobalSection(SolutionConfigurationPlatforms) = preSolution
		Debug|Any CPU = Debug|Any CPU
		Release|Any CPU = Release|Any CPU
	EndGlobalSection
	GlobalSection(ProjectConfigurationPlatforms) = postSolution
		{77C77177-78D3-4FC2-87E6-ABACE8B25CD0}.Debug|Any CPU.ActiveCfg = Debug|Any CPU
		{77C77177-78D3-4FC2-87E6-ABACE8B25CD0}.Debug|Any CPU.Build.0 = Debug|Any CPU
		{77C77177-78D3-4FC2-87E6-ABACE8B25CD0}.Release|Any CPU.ActiveCfg = Release|Any CPU
		{77C77177-78D3-4FC2-87E6-ABACE8B25CD0}.Release|Any CPU.Build.0 = Release|Any CPU
		{8E61E655-7F45-4E0E-BF9F-E63B7DC6D865}.Debug|Any CPU.ActiveCfg = Debug|Any CPU
		{8E61E655-7F45-4E0E-BF9F-E63B7DC6D865}.Debug|Any CPU.Build.0 = Debug|Any CPU
		{8E61E655-7F45-4E0E-BF9F-E63B7DC6D865}.Release|Any CPU.ActiveCfg = Release|Any CPU
		{8E61E655-7F45-4E0E-BF9F-E63B7DC6D865}.Release|Any CPU.Build.0 = Release|Any CPU
		{E5292536-EF0A-4AA4-BE75-DFA1B97FA908}.Debug|Any CPU.ActiveCfg = Debug|Any CPU
		{E5292536-EF0A-4AA4-BE75-DFA1B97FA908}.Debug|Any CPU.Build.0 = Debug|Any CPU
		{E5292536-EF0A-4AA4-BE75-DFA1B97FA908}.Release|Any CPU.ActiveCfg = Release|Any CPU
		{E5292536-EF0A-4AA4-BE75-DFA1B97FA908}.Release|Any CPU.Build.0 = Release|Any CPU
	EndGlobalSection
	GlobalSection(SolutionProperties) = preSolution
		HideSolutionNode = FALSE
	EndGlobalSection
	GlobalSection(ExtensibilityGlobals) = postSolution
		SolutionGuid = {4C0555D6-FD24-418D-B78B-8C57BD9638E2}
	EndGlobalSection
EndGlobal
